// !$*UTF8*$!
{
	archiveVersion = 1;
	classes = {
	};
	objectVersion = 50;
	objects = {

/* Begin PBXBuildFile section */
		D94DA97320F91C7000162D76 /* Localizable.strings in Resources */ = {isa = PBXBuildFile; fileRef = D94DA97520F91C7000162D76 /* Localizable.strings */; };
		D94DA97720F91CB000162D76 /* LocalizableViews.swift in Sources */ = {isa = PBXBuildFile; fileRef = D94DA97620F91CB000162D76 /* LocalizableViews.swift */; };
		D94DA97F20F93BAF00162D76 /* Default-568h@2x.png in Resources */ = {isa = PBXBuildFile; fileRef = D94DA97E20F93BAF00162D76 /* Default-568h@2x.png */; };
		D94DA98220F93C0B00162D76 /* Model.swift in Sources */ = {isa = PBXBuildFile; fileRef = D94DA98120F93C0B00162D76 /* Model.swift */; };
		D94DA98420F93CDD00162D76 /* PillModelTests.swift in Sources */ = {isa = PBXBuildFile; fileRef = D94DA98320F93CDD00162D76 /* PillModelTests.swift */; };
		D94DA98620F947B200162D76 /* StorageTests.swift in Sources */ = {isa = PBXBuildFile; fileRef = D94DA98520F947B200162D76 /* StorageTests.swift */; };
		D94DA98920F94D9800162D76 /* StorageService.swift in Sources */ = {isa = PBXBuildFile; fileRef = D94DA98820F94D9800162D76 /* StorageService.swift */; };
		D94DA98B20F95FE300162D76 /* HistoryViewController.swift in Sources */ = {isa = PBXBuildFile; fileRef = D94DA98A20F95FE300162D76 /* HistoryViewController.swift */; };
		D94DA98F20FB4F9A00162D76 /* Intents.intentdefinition in Sources */ = {isa = PBXBuildFile; fileRef = D94DA98E20FB4F9A00162D76 /* Intents.intentdefinition */; };
		D9786304210E55460029A4DF /* UserDefaults.swift in Sources */ = {isa = PBXBuildFile; fileRef = D9786303210E55460029A4DF /* UserDefaults.swift */; };
		D9786306210E55930029A4DF /* UserSession.swift in Sources */ = {isa = PBXBuildFile; fileRef = D9786305210E55930029A4DF /* UserSession.swift */; };
		D99D5A8420F8851400E3966F /* AppDelegate.swift in Sources */ = {isa = PBXBuildFile; fileRef = D99D5A8320F8851400E3966F /* AppDelegate.swift */; };
		D99D5A8620F8851400E3966F /* HomeViewController.swift in Sources */ = {isa = PBXBuildFile; fileRef = D99D5A8520F8851400E3966F /* HomeViewController.swift */; };
		D99D5A8920F8851400E3966F /* Main.storyboard in Resources */ = {isa = PBXBuildFile; fileRef = D99D5A8720F8851400E3966F /* Main.storyboard */; };
		D99D5A8B20F8851800E3966F /* Assets.xcassets in Resources */ = {isa = PBXBuildFile; fileRef = D99D5A8A20F8851800E3966F /* Assets.xcassets */; };
		D99D5A8E20F8851800E3966F /* LaunchScreen.storyboard in Resources */ = {isa = PBXBuildFile; fileRef = D99D5A8C20F8851800E3966F /* LaunchScreen.storyboard */; };
		D99D5AA420F896B800E3966F /* StartSessionViewController.swift in Sources */ = {isa = PBXBuildFile; fileRef = D99D5AA320F896B800E3966F /* StartSessionViewController.swift */; };
		D9E604AE20FD166F003A1DA1 /* IntentHandler.swift in Sources */ = {isa = PBXBuildFile; fileRef = D9E604AD20FD166F003A1DA1 /* IntentHandler.swift */; };
		D9E604B220FD166F003A1DA1 /* TakePillIntents.appex in Embed App Extensions */ = {isa = PBXBuildFile; fileRef = D9E604AB20FD166F003A1DA1 /* TakePillIntents.appex */; settings = {ATTRIBUTES = (RemoveHeadersOnCopy, ); }; };
		D9E604B720FD16C4003A1DA1 /* Intents.intentdefinition in Sources */ = {isa = PBXBuildFile; fileRef = D94DA98E20FB4F9A00162D76 /* Intents.intentdefinition */; };
		D9E604B820FD16D1003A1DA1 /* Model.swift in Sources */ = {isa = PBXBuildFile; fileRef = D94DA98120F93C0B00162D76 /* Model.swift */; };
		D9E604B920FD16D8003A1DA1 /* StorageService.swift in Sources */ = {isa = PBXBuildFile; fileRef = D94DA98820F94D9800162D76 /* StorageService.swift */; };
		D9E604BB20FDD2B8003A1DA1 /* Logger.swift in Sources */ = {isa = PBXBuildFile; fileRef = D9E604BA20FDD2B8003A1DA1 /* Logger.swift */; };
		D9E604BC20FDD312003A1DA1 /* Logger.swift in Sources */ = {isa = PBXBuildFile; fileRef = D9E604BA20FDD2B8003A1DA1 /* Logger.swift */; };
		D9E7A95F2114A5400011A212 /* UserDefaults.swift in Sources */ = {isa = PBXBuildFile; fileRef = D9786303210E55460029A4DF /* UserDefaults.swift */; };
/* End PBXBuildFile section */

/* Begin PBXContainerItemProxy section */
		D99D5A9520F8851800E3966F /* PBXContainerItemProxy */ = {
			isa = PBXContainerItemProxy;
			containerPortal = D99D5A7820F8851400E3966F /* Project object */;
			proxyType = 1;
			remoteGlobalIDString = D99D5A7F20F8851400E3966F;
			remoteInfo = TakeUrPil;
		};
		D9E604B020FD166F003A1DA1 /* PBXContainerItemProxy */ = {
			isa = PBXContainerItemProxy;
			containerPortal = D99D5A7820F8851400E3966F /* Project object */;
			proxyType = 1;
			remoteGlobalIDString = D9E604AA20FD166F003A1DA1;
			remoteInfo = TakePillIntents;
		};
/* End PBXContainerItemProxy section */

/* Begin PBXCopyFilesBuildPhase section */
		D9ACFCAB20FB7F3400E400B3 /* Embed App Extensions */ = {
			isa = PBXCopyFilesBuildPhase;
			buildActionMask = 2147483647;
			dstPath = "";
			dstSubfolderSpec = 13;
			files = (
				D9E604B220FD166F003A1DA1 /* TakePillIntents.appex in Embed App Extensions */,
			);
			name = "Embed App Extensions";
			runOnlyForDeploymentPostprocessing = 0;
		};
/* End PBXCopyFilesBuildPhase section */

/* Begin PBXFileReference section */
		D94DA97420F91C7000162D76 /* en */ = {isa = PBXFileReference; lastKnownFileType = text.plist.strings; name = en; path = en.lproj/Localizable.strings; sourceTree = "<group>"; };
		D94DA97620F91CB000162D76 /* LocalizableViews.swift */ = {isa = PBXFileReference; lastKnownFileType = sourcecode.swift; path = LocalizableViews.swift; sourceTree = "<group>"; };
		D94DA97E20F93BAF00162D76 /* Default-568h@2x.png */ = {isa = PBXFileReference; lastKnownFileType = image.png; path = "Default-568h@2x.png"; sourceTree = "<group>"; };
		D94DA98120F93C0B00162D76 /* Model.swift */ = {isa = PBXFileReference; lastKnownFileType = sourcecode.swift; path = Model.swift; sourceTree = "<group>"; };
		D94DA98320F93CDD00162D76 /* PillModelTests.swift */ = {isa = PBXFileReference; lastKnownFileType = sourcecode.swift; path = PillModelTests.swift; sourceTree = "<group>"; };
		D94DA98520F947B200162D76 /* StorageTests.swift */ = {isa = PBXFileReference; lastKnownFileType = sourcecode.swift; path = StorageTests.swift; sourceTree = "<group>"; };
		D94DA98820F94D9800162D76 /* StorageService.swift */ = {isa = PBXFileReference; lastKnownFileType = sourcecode.swift; path = StorageService.swift; sourceTree = "<group>"; };
		D94DA98A20F95FE300162D76 /* HistoryViewController.swift */ = {isa = PBXFileReference; lastKnownFileType = sourcecode.swift; path = HistoryViewController.swift; sourceTree = "<group>"; };
		D94DA98C20F9EEEC00162D76 /* it */ = {isa = PBXFileReference; lastKnownFileType = text.plist.strings; name = it; path = it.lproj/Localizable.strings; sourceTree = "<group>"; };
		D94DA98D20F9EEF400162D76 /* nl */ = {isa = PBXFileReference; lastKnownFileType = text.plist.strings; name = nl; path = nl.lproj/Localizable.strings; sourceTree = "<group>"; };
		D94DA98E20FB4F9A00162D76 /* Intents.intentdefinition */ = {isa = PBXFileReference; lastKnownFileType = file.intentdefinition; path = Intents.intentdefinition; sourceTree = "<group>"; };
		D9786303210E55460029A4DF /* UserDefaults.swift */ = {isa = PBXFileReference; lastKnownFileType = sourcecode.swift; path = UserDefaults.swift; sourceTree = "<group>"; };
		D9786305210E55930029A4DF /* UserSession.swift */ = {isa = PBXFileReference; lastKnownFileType = sourcecode.swift; path = UserSession.swift; sourceTree = "<group>"; };
		D99D5A8020F8851400E3966F /* TakeUrPill.app */ = {isa = PBXFileReference; explicitFileType = wrapper.application; includeInIndex = 0; path = TakeUrPill.app; sourceTree = BUILT_PRODUCTS_DIR; };
		D99D5A8320F8851400E3966F /* AppDelegate.swift */ = {isa = PBXFileReference; lastKnownFileType = sourcecode.swift; path = AppDelegate.swift; sourceTree = "<group>"; };
		D99D5A8520F8851400E3966F /* HomeViewController.swift */ = {isa = PBXFileReference; lastKnownFileType = sourcecode.swift; path = HomeViewController.swift; sourceTree = "<group>"; };
		D99D5A8820F8851400E3966F /* Base */ = {isa = PBXFileReference; lastKnownFileType = file.storyboard; name = Base; path = Base.lproj/Main.storyboard; sourceTree = "<group>"; };
		D99D5A8A20F8851800E3966F /* Assets.xcassets */ = {isa = PBXFileReference; lastKnownFileType = folder.assetcatalog; path = Assets.xcassets; sourceTree = "<group>"; };
		D99D5A8D20F8851800E3966F /* Base */ = {isa = PBXFileReference; lastKnownFileType = file.storyboard; name = Base; path = Base.lproj/LaunchScreen.storyboard; sourceTree = "<group>"; };
		D99D5A8F20F8851800E3966F /* Info.plist */ = {isa = PBXFileReference; lastKnownFileType = text.plist.xml; path = Info.plist; sourceTree = "<group>"; };
		D99D5A9420F8851800E3966F /* TakeUrPillTests.xctest */ = {isa = PBXFileReference; explicitFileType = wrapper.cfbundle; includeInIndex = 0; path = TakeUrPillTests.xctest; sourceTree = BUILT_PRODUCTS_DIR; };
		D99D5A9A20F8851800E3966F /* Info.plist */ = {isa = PBXFileReference; lastKnownFileType = text.plist.xml; path = Info.plist; sourceTree = "<group>"; };
		D99D5AA320F896B800E3966F /* StartSessionViewController.swift */ = {isa = PBXFileReference; lastKnownFileType = sourcecode.swift; path = StartSessionViewController.swift; sourceTree = "<group>"; };
		D9E604A620FD1410003A1DA1 /* TakeUrPill.entitlements */ = {isa = PBXFileReference; lastKnownFileType = text.plist.entitlements; path = TakeUrPill.entitlements; sourceTree = "<group>"; };
		D9E604AB20FD166F003A1DA1 /* TakePillIntents.appex */ = {isa = PBXFileReference; explicitFileType = "wrapper.app-extension"; includeInIndex = 0; path = TakePillIntents.appex; sourceTree = BUILT_PRODUCTS_DIR; };
		D9E604AD20FD166F003A1DA1 /* IntentHandler.swift */ = {isa = PBXFileReference; lastKnownFileType = sourcecode.swift; path = IntentHandler.swift; sourceTree = "<group>"; };
		D9E604AF20FD166F003A1DA1 /* Info.plist */ = {isa = PBXFileReference; lastKnownFileType = text.plist.xml; path = Info.plist; sourceTree = "<group>"; };
		D9E604B620FD167B003A1DA1 /* TakePillIntents.entitlements */ = {isa = PBXFileReference; lastKnownFileType = text.plist.entitlements; path = TakePillIntents.entitlements; sourceTree = "<group>"; };
		D9E604BA20FDD2B8003A1DA1 /* Logger.swift */ = {isa = PBXFileReference; lastKnownFileType = sourcecode.swift; path = Logger.swift; sourceTree = "<group>"; };
/* End PBXFileReference section */

/* Begin PBXFrameworksBuildPhase section */
		D99D5A7D20F8851400E3966F /* Frameworks */ = {
			isa = PBXFrameworksBuildPhase;
			buildActionMask = 2147483647;
			files = (
			);
			runOnlyForDeploymentPostprocessing = 0;
		};
		D99D5A9120F8851800E3966F /* Frameworks */ = {
			isa = PBXFrameworksBuildPhase;
			buildActionMask = 2147483647;
			files = (
			);
			runOnlyForDeploymentPostprocessing = 0;
		};
		D9E604A820FD166F003A1DA1 /* Frameworks */ = {
			isa = PBXFrameworksBuildPhase;
			buildActionMask = 2147483647;
			files = (
			);
			runOnlyForDeploymentPostprocessing = 0;
		};
/* End PBXFrameworksBuildPhase section */

/* Begin PBXGroup section */
		D94DA97A20F93B0700162D76 /* Scenes */ = {
			isa = PBXGroup;
			children = (
				D99D5A8520F8851400E3966F /* HomeViewController.swift */,
				D99D5AA320F896B800E3966F /* StartSessionViewController.swift */,
				D94DA98A20F95FE300162D76 /* HistoryViewController.swift */,
			);
			path = Scenes;
			sourceTree = "<group>";
		};
		D94DA97B20F93B2B00162D76 /* Storyboards */ = {
			isa = PBXGroup;
			children = (
				D99D5A8C20F8851800E3966F /* LaunchScreen.storyboard */,
				D99D5A8720F8851400E3966F /* Main.storyboard */,
			);
			path = Storyboards;
			sourceTree = "<group>";
		};
		D94DA97C20F93B3700162D76 /* Resources */ = {
			isa = PBXGroup;
			children = (
				D99D5A8A20F8851800E3966F /* Assets.xcassets */,
				D99D5A8F20F8851800E3966F /* Info.plist */,
				D94DA98E20FB4F9A00162D76 /* Intents.intentdefinition */,
				D94DA97520F91C7000162D76 /* Localizable.strings */,
			);
			path = Resources;
			sourceTree = "<group>";
		};
		D94DA97D20F93B4800162D76 /* Helper */ = {
			isa = PBXGroup;
			children = (
				D94DA97620F91CB000162D76 /* LocalizableViews.swift */,
				D9E604BA20FDD2B8003A1DA1 /* Logger.swift */,
				D9786303210E55460029A4DF /* UserDefaults.swift */,
			);
			path = Helper;
			sourceTree = "<group>";
		};
		D94DA98020F93C0000162D76 /* Model */ = {
			isa = PBXGroup;
			children = (
				D94DA98120F93C0B00162D76 /* Model.swift */,
				D9786305210E55930029A4DF /* UserSession.swift */,
			);
			path = Model;
			sourceTree = "<group>";
		};
		D94DA98720F94D8B00162D76 /* Services */ = {
			isa = PBXGroup;
			children = (
				D94DA98820F94D9800162D76 /* StorageService.swift */,
			);
			path = Services;
			sourceTree = "<group>";
		};
		D99D5A7720F8851400E3966F = {
			isa = PBXGroup;
			children = (
				D94DA97E20F93BAF00162D76 /* Default-568h@2x.png */,
				D9E604AC20FD166F003A1DA1 /* TakePillIntents */,
				D99D5A8120F8851400E3966F /* Products */,
				D99D5A8220F8851400E3966F /* TakeUrPill */,
				D99D5A9720F8851800E3966F /* TakeUrPillTests */,
			);
			sourceTree = "<group>";
		};
		D99D5A8120F8851400E3966F /* Products */ = {
			isa = PBXGroup;
			children = (
				D99D5A8020F8851400E3966F /* TakeUrPill.app */,
				D99D5A9420F8851800E3966F /* TakeUrPillTests.xctest */,
				D9E604AB20FD166F003A1DA1 /* TakePillIntents.appex */,
			);
			name = Products;
			sourceTree = "<group>";
		};
		D99D5A8220F8851400E3966F /* TakeUrPill */ = {
			isa = PBXGroup;
			children = (
				D9E604A620FD1410003A1DA1 /* TakeUrPill.entitlements */,
				D99D5A8320F8851400E3966F /* AppDelegate.swift */,
				D94DA97D20F93B4800162D76 /* Helper */,
				D94DA98020F93C0000162D76 /* Model */,
				D94DA97C20F93B3700162D76 /* Resources */,
				D94DA97A20F93B0700162D76 /* Scenes */,
				D94DA98720F94D8B00162D76 /* Services */,
				D94DA97B20F93B2B00162D76 /* Storyboards */,
			);
			path = TakeUrPill;
			sourceTree = "<group>";
		};
		D99D5A9720F8851800E3966F /* TakeUrPillTests */ = {
			isa = PBXGroup;
			children = (
				D99D5A9A20F8851800E3966F /* Info.plist */,
				D94DA98320F93CDD00162D76 /* PillModelTests.swift */,
				D94DA98520F947B200162D76 /* StorageTests.swift */,
			);
			path = TakeUrPillTests;
			sourceTree = "<group>";
		};
		D9E604AC20FD166F003A1DA1 /* TakePillIntents */ = {
			isa = PBXGroup;
			children = (
				D9E604B620FD167B003A1DA1 /* TakePillIntents.entitlements */,
				D9E604AD20FD166F003A1DA1 /* IntentHandler.swift */,
				D9E604AF20FD166F003A1DA1 /* Info.plist */,
			);
			path = TakePillIntents;
			sourceTree = "<group>";
		};
/* End PBXGroup section */

/* Begin PBXNativeTarget section */
		D99D5A7F20F8851400E3966F /* TakeUrPill */ = {
			isa = PBXNativeTarget;
			buildConfigurationList = D99D5A9D20F8851800E3966F /* Build configuration list for PBXNativeTarget "TakeUrPill" */;
			buildPhases = (
				D99D5A7C20F8851400E3966F /* Sources */,
				D99D5A7D20F8851400E3966F /* Frameworks */,
				D99D5A7E20F8851400E3966F /* Resources */,
				D9ACFCAB20FB7F3400E400B3 /* Embed App Extensions */,
			);
			buildRules = (
			);
			dependencies = (
				D9E604B120FD166F003A1DA1 /* PBXTargetDependency */,
			);
			name = TakeUrPill;
			productName = TakeUrPil;
			productReference = D99D5A8020F8851400E3966F /* TakeUrPill.app */;
			productType = "com.apple.product-type.application";
		};
		D99D5A9320F8851800E3966F /* TakeUrPillTests */ = {
			isa = PBXNativeTarget;
			buildConfigurationList = D99D5AA020F8851800E3966F /* Build configuration list for PBXNativeTarget "TakeUrPillTests" */;
			buildPhases = (
				D99D5A9020F8851800E3966F /* Sources */,
				D99D5A9120F8851800E3966F /* Frameworks */,
				D99D5A9220F8851800E3966F /* Resources */,
			);
			buildRules = (
			);
			dependencies = (
				D99D5A9620F8851800E3966F /* PBXTargetDependency */,
			);
			name = TakeUrPillTests;
			productName = TakeUrPilTests;
			productReference = D99D5A9420F8851800E3966F /* TakeUrPillTests.xctest */;
			productType = "com.apple.product-type.bundle.unit-test";
		};
		D9E604AA20FD166F003A1DA1 /* TakePillIntents */ = {
			isa = PBXNativeTarget;
			buildConfigurationList = D9E604B320FD166F003A1DA1 /* Build configuration list for PBXNativeTarget "TakePillIntents" */;
			buildPhases = (
				D9E604A720FD166F003A1DA1 /* Sources */,
				D9E604A820FD166F003A1DA1 /* Frameworks */,
				D9E604A920FD166F003A1DA1 /* Resources */,
			);
			buildRules = (
			);
			dependencies = (
			);
			name = TakePillIntents;
			productName = TakePillIntents;
			productReference = D9E604AB20FD166F003A1DA1 /* TakePillIntents.appex */;
			productType = "com.apple.product-type.app-extension";
		};
/* End PBXNativeTarget section */

/* Begin PBXProject section */
		D99D5A7820F8851400E3966F /* Project object */ = {
			isa = PBXProject;
			attributes = {
				LastSwiftUpdateCheck = 1000;
				LastUpgradeCheck = 1000;
				ORGANIZATIONNAME = "Alessio Roberto";
				TargetAttributes = {
					D99D5A7F20F8851400E3966F = {
						CreatedOnToolsVersion = 10.0;
						SystemCapabilities = {
							com.apple.ApplicationGroups.iOS = {
								enabled = 1;
							};
							com.apple.BackgroundModes = {
								enabled = 0;
							};
							com.apple.Siri = {
								enabled = 1;
							};
						};
					};
					D99D5A9320F8851800E3966F = {
						CreatedOnToolsVersion = 10.0;
						TestTargetID = D99D5A7F20F8851400E3966F;
					};
					D9E604AA20FD166F003A1DA1 = {
						CreatedOnToolsVersion = 10.0;
						SystemCapabilities = {
							com.apple.ApplicationGroups.iOS = {
								enabled = 1;
							};
						};
					};
				};
			};
			buildConfigurationList = D99D5A7B20F8851400E3966F /* Build configuration list for PBXProject "TakeUrPill" */;
			compatibilityVersion = "Xcode 9.3";
			developmentRegion = en;
			hasScannedForEncodings = 0;
			knownRegions = (
				en,
				Base,
				it,
				nl,
			);
			mainGroup = D99D5A7720F8851400E3966F;
			productRefGroup = D99D5A8120F8851400E3966F /* Products */;
			projectDirPath = "";
			projectRoot = "";
			targets = (
				D99D5A7F20F8851400E3966F /* TakeUrPill */,
				D99D5A9320F8851800E3966F /* TakeUrPillTests */,
				D9E604AA20FD166F003A1DA1 /* TakePillIntents */,
			);
		};
/* End PBXProject section */

/* Begin PBXResourcesBuildPhase section */
		D99D5A7E20F8851400E3966F /* Resources */ = {
			isa = PBXResourcesBuildPhase;
			buildActionMask = 2147483647;
			files = (
				D99D5A8E20F8851800E3966F /* LaunchScreen.storyboard in Resources */,
				D94DA97320F91C7000162D76 /* Localizable.strings in Resources */,
				D99D5A8B20F8851800E3966F /* Assets.xcassets in Resources */,
				D94DA97F20F93BAF00162D76 /* Default-568h@2x.png in Resources */,
				D99D5A8920F8851400E3966F /* Main.storyboard in Resources */,
			);
			runOnlyForDeploymentPostprocessing = 0;
		};
		D99D5A9220F8851800E3966F /* Resources */ = {
			isa = PBXResourcesBuildPhase;
			buildActionMask = 2147483647;
			files = (
			);
			runOnlyForDeploymentPostprocessing = 0;
		};
		D9E604A920FD166F003A1DA1 /* Resources */ = {
			isa = PBXResourcesBuildPhase;
			buildActionMask = 2147483647;
			files = (
			);
			runOnlyForDeploymentPostprocessing = 0;
		};
/* End PBXResourcesBuildPhase section */

/* Begin PBXSourcesBuildPhase section */
		D99D5A7C20F8851400E3966F /* Sources */ = {
			isa = PBXSourcesBuildPhase;
			buildActionMask = 2147483647;
			files = (
				D94DA98220F93C0B00162D76 /* Model.swift in Sources */,
				D94DA98920F94D9800162D76 /* StorageService.swift in Sources */,
				D99D5A8620F8851400E3966F /* HomeViewController.swift in Sources */,
				D94DA97720F91CB000162D76 /* LocalizableViews.swift in Sources */,
				D9E604BB20FDD2B8003A1DA1 /* Logger.swift in Sources */,
				D99D5A8420F8851400E3966F /* AppDelegate.swift in Sources */,
				D9786306210E55930029A4DF /* UserSession.swift in Sources */,
				D9786304210E55460029A4DF /* UserDefaults.swift in Sources */,
				D94DA98B20F95FE300162D76 /* HistoryViewController.swift in Sources */,
				D94DA98F20FB4F9A00162D76 /* Intents.intentdefinition in Sources */,
				D99D5AA420F896B800E3966F /* StartSessionViewController.swift in Sources */,
			);
			runOnlyForDeploymentPostprocessing = 0;
		};
		D99D5A9020F8851800E3966F /* Sources */ = {
			isa = PBXSourcesBuildPhase;
			buildActionMask = 2147483647;
			files = (
				D94DA98620F947B200162D76 /* StorageTests.swift in Sources */,
				D94DA98420F93CDD00162D76 /* PillModelTests.swift in Sources */,
			);
			runOnlyForDeploymentPostprocessing = 0;
		};
		D9E604A720FD166F003A1DA1 /* Sources */ = {
			isa = PBXSourcesBuildPhase;
			buildActionMask = 2147483647;
			files = (
				D9E604BC20FDD312003A1DA1 /* Logger.swift in Sources */,
				D9E604B820FD16D1003A1DA1 /* Model.swift in Sources */,
				D9E7A95F2114A5400011A212 /* UserDefaults.swift in Sources */,
				D9E604B920FD16D8003A1DA1 /* StorageService.swift in Sources */,
				D9E604B720FD16C4003A1DA1 /* Intents.intentdefinition in Sources */,
				D9E604AE20FD166F003A1DA1 /* IntentHandler.swift in Sources */,
			);
			runOnlyForDeploymentPostprocessing = 0;
		};
/* End PBXSourcesBuildPhase section */

/* Begin PBXTargetDependency section */
		D99D5A9620F8851800E3966F /* PBXTargetDependency */ = {
			isa = PBXTargetDependency;
			target = D99D5A7F20F8851400E3966F /* TakeUrPill */;
			targetProxy = D99D5A9520F8851800E3966F /* PBXContainerItemProxy */;
		};
		D9E604B120FD166F003A1DA1 /* PBXTargetDependency */ = {
			isa = PBXTargetDependency;
			target = D9E604AA20FD166F003A1DA1 /* TakePillIntents */;
			targetProxy = D9E604B020FD166F003A1DA1 /* PBXContainerItemProxy */;
		};
/* End PBXTargetDependency section */

/* Begin PBXVariantGroup section */
		D94DA97520F91C7000162D76 /* Localizable.strings */ = {
			isa = PBXVariantGroup;
			children = (
				D94DA97420F91C7000162D76 /* en */,
				D94DA98C20F9EEEC00162D76 /* it */,
				D94DA98D20F9EEF400162D76 /* nl */,
			);
			name = Localizable.strings;
			sourceTree = "<group>";
		};
		D99D5A8720F8851400E3966F /* Main.storyboard */ = {
			isa = PBXVariantGroup;
			children = (
				D99D5A8820F8851400E3966F /* Base */,
			);
			name = Main.storyboard;
			sourceTree = "<group>";
		};
		D99D5A8C20F8851800E3966F /* LaunchScreen.storyboard */ = {
			isa = PBXVariantGroup;
			children = (
				D99D5A8D20F8851800E3966F /* Base */,
			);
			name = LaunchScreen.storyboard;
			sourceTree = "<group>";
		};
/* End PBXVariantGroup section */

/* Begin XCBuildConfiguration section */
		D99D5A9B20F8851800E3966F /* Debug */ = {
			isa = XCBuildConfiguration;
			buildSettings = {
				ALWAYS_SEARCH_USER_PATHS = NO;
				CLANG_ANALYZER_LOCALIZABILITY_NONLOCALIZED = YES;
				CLANG_ANALYZER_NONNULL = YES;
				CLANG_ANALYZER_NUMBER_OBJECT_CONVERSION = YES_AGGRESSIVE;
				CLANG_CXX_LANGUAGE_STANDARD = "gnu++14";
				CLANG_CXX_LIBRARY = "libc++";
				CLANG_ENABLE_MODULES = YES;
				CLANG_ENABLE_OBJC_ARC = YES;
				CLANG_ENABLE_OBJC_WEAK = YES;
				CLANG_WARN_BLOCK_CAPTURE_AUTORELEASING = YES;
				CLANG_WARN_BOOL_CONVERSION = YES;
				CLANG_WARN_COMMA = YES;
				CLANG_WARN_CONSTANT_CONVERSION = YES;
				CLANG_WARN_DEPRECATED_OBJC_IMPLEMENTATIONS = YES;
				CLANG_WARN_DIRECT_OBJC_ISA_USAGE = YES_ERROR;
				CLANG_WARN_DOCUMENTATION_COMMENTS = YES;
				CLANG_WARN_EMPTY_BODY = YES;
				CLANG_WARN_ENUM_CONVERSION = YES;
				CLANG_WARN_INFINITE_RECURSION = YES;
				CLANG_WARN_INT_CONVERSION = YES;
				CLANG_WARN_NON_LITERAL_NULL_CONVERSION = YES;
				CLANG_WARN_OBJC_IMPLICIT_RETAIN_SELF = YES;
				CLANG_WARN_OBJC_LITERAL_CONVERSION = YES;
				CLANG_WARN_OBJC_ROOT_CLASS = YES_ERROR;
				CLANG_WARN_RANGE_LOOP_ANALYSIS = YES;
				CLANG_WARN_STRICT_PROTOTYPES = YES;
				CLANG_WARN_SUSPICIOUS_MOVE = YES;
				CLANG_WARN_UNGUARDED_AVAILABILITY = YES_AGGRESSIVE;
				CLANG_WARN_UNREACHABLE_CODE = YES;
				CLANG_WARN__DUPLICATE_METHOD_MATCH = YES;
				CODE_SIGN_IDENTITY = "iPhone Developer";
				COPY_PHASE_STRIP = NO;
				DEBUG_INFORMATION_FORMAT = dwarf;
				ENABLE_STRICT_OBJC_MSGSEND = YES;
				ENABLE_TESTABILITY = YES;
				GCC_C_LANGUAGE_STANDARD = gnu11;
				GCC_DYNAMIC_NO_PIC = NO;
				GCC_NO_COMMON_BLOCKS = YES;
				GCC_OPTIMIZATION_LEVEL = 0;
				GCC_PREPROCESSOR_DEFINITIONS = (
					"DEBUG=1",
					"$(inherited)",
				);
				GCC_WARN_64_TO_32_BIT_CONVERSION = YES;
				GCC_WARN_ABOUT_RETURN_TYPE = YES_ERROR;
				GCC_WARN_UNDECLARED_SELECTOR = YES;
				GCC_WARN_UNINITIALIZED_AUTOS = YES_AGGRESSIVE;
				GCC_WARN_UNUSED_FUNCTION = YES;
				GCC_WARN_UNUSED_VARIABLE = YES;
				IPHONEOS_DEPLOYMENT_TARGET = 12.0;
				MTL_ENABLE_DEBUG_INFO = INCLUDE_SOURCE;
				MTL_FAST_MATH = YES;
				ONLY_ACTIVE_ARCH = YES;
				SDKROOT = iphoneos;
				SWIFT_ACTIVE_COMPILATION_CONDITIONS = DEBUG;
				SWIFT_OPTIMIZATION_LEVEL = "-Onone";
			};
			name = Debug;
		};
		D99D5A9C20F8851800E3966F /* Release */ = {
			isa = XCBuildConfiguration;
			buildSettings = {
				ALWAYS_SEARCH_USER_PATHS = NO;
				CLANG_ANALYZER_LOCALIZABILITY_NONLOCALIZED = YES;
				CLANG_ANALYZER_NONNULL = YES;
				CLANG_ANALYZER_NUMBER_OBJECT_CONVERSION = YES_AGGRESSIVE;
				CLANG_CXX_LANGUAGE_STANDARD = "gnu++14";
				CLANG_CXX_LIBRARY = "libc++";
				CLANG_ENABLE_MODULES = YES;
				CLANG_ENABLE_OBJC_ARC = YES;
				CLANG_ENABLE_OBJC_WEAK = YES;
				CLANG_WARN_BLOCK_CAPTURE_AUTORELEASING = YES;
				CLANG_WARN_BOOL_CONVERSION = YES;
				CLANG_WARN_COMMA = YES;
				CLANG_WARN_CONSTANT_CONVERSION = YES;
				CLANG_WARN_DEPRECATED_OBJC_IMPLEMENTATIONS = YES;
				CLANG_WARN_DIRECT_OBJC_ISA_USAGE = YES_ERROR;
				CLANG_WARN_DOCUMENTATION_COMMENTS = YES;
				CLANG_WARN_EMPTY_BODY = YES;
				CLANG_WARN_ENUM_CONVERSION = YES;
				CLANG_WARN_INFINITE_RECURSION = YES;
				CLANG_WARN_INT_CONVERSION = YES;
				CLANG_WARN_NON_LITERAL_NULL_CONVERSION = YES;
				CLANG_WARN_OBJC_IMPLICIT_RETAIN_SELF = YES;
				CLANG_WARN_OBJC_LITERAL_CONVERSION = YES;
				CLANG_WARN_OBJC_ROOT_CLASS = YES_ERROR;
				CLANG_WARN_RANGE_LOOP_ANALYSIS = YES;
				CLANG_WARN_STRICT_PROTOTYPES = YES;
				CLANG_WARN_SUSPICIOUS_MOVE = YES;
				CLANG_WARN_UNGUARDED_AVAILABILITY = YES_AGGRESSIVE;
				CLANG_WARN_UNREACHABLE_CODE = YES;
				CLANG_WARN__DUPLICATE_METHOD_MATCH = YES;
				CODE_SIGN_IDENTITY = "iPhone Developer";
				COPY_PHASE_STRIP = NO;
				DEBUG_INFORMATION_FORMAT = "dwarf-with-dsym";
				ENABLE_NS_ASSERTIONS = NO;
				ENABLE_STRICT_OBJC_MSGSEND = YES;
				GCC_C_LANGUAGE_STANDARD = gnu11;
				GCC_NO_COMMON_BLOCKS = YES;
				GCC_WARN_64_TO_32_BIT_CONVERSION = YES;
				GCC_WARN_ABOUT_RETURN_TYPE = YES_ERROR;
				GCC_WARN_UNDECLARED_SELECTOR = YES;
				GCC_WARN_UNINITIALIZED_AUTOS = YES_AGGRESSIVE;
				GCC_WARN_UNUSED_FUNCTION = YES;
				GCC_WARN_UNUSED_VARIABLE = YES;
				IPHONEOS_DEPLOYMENT_TARGET = 12.0;
				MTL_ENABLE_DEBUG_INFO = NO;
				MTL_FAST_MATH = YES;
				SDKROOT = iphoneos;
				SWIFT_COMPILATION_MODE = wholemodule;
				SWIFT_OPTIMIZATION_LEVEL = "-O";
				VALIDATE_PRODUCT = YES;
			};
			name = Release;
		};
		D99D5A9E20F8851800E3966F /* Debug */ = {
			isa = XCBuildConfiguration;
			buildSettings = {
				ALWAYS_EMBED_SWIFT_STANDARD_LIBRARIES = YES;
				ASSETCATALOG_COMPILER_APPICON_NAME = AppIcon;
				CODE_SIGN_ENTITLEMENTS = TakeUrPill/TakeUrPill.entitlements;
				CODE_SIGN_STYLE = Automatic;
				DEVELOPMENT_TEAM = SFWNSYN8YK;
				INFOPLIST_FILE = "$(SRCROOT)/TakeUrPill/Resources/Info.plist";
				LD_RUNPATH_SEARCH_PATHS = (
					"$(inherited)",
					"@executable_path/Frameworks",
				);
				PRODUCT_BUNDLE_IDENTIFIER = com.mobiquityinc.demo.TakeUrPill;
				PRODUCT_NAME = "$(TARGET_NAME)";
				SWIFT_VERSION = 4.2;
				TARGETED_DEVICE_FAMILY = "1,2";
			};
			name = Debug;
		};
		D99D5A9F20F8851800E3966F /* Release */ = {
			isa = XCBuildConfiguration;
			buildSettings = {
				ALWAYS_EMBED_SWIFT_STANDARD_LIBRARIES = YES;
				ASSETCATALOG_COMPILER_APPICON_NAME = AppIcon;
				CODE_SIGN_ENTITLEMENTS = TakeUrPill/TakeUrPill.entitlements;
				CODE_SIGN_STYLE = Automatic;
				DEVELOPMENT_TEAM = SFWNSYN8YK;
				INFOPLIST_FILE = "$(SRCROOT)/TakeUrPill/Resources/Info.plist";
				LD_RUNPATH_SEARCH_PATHS = (
					"$(inherited)",
					"@executable_path/Frameworks",
				);
				PRODUCT_BUNDLE_IDENTIFIER = com.mobiquityinc.demo.TakeUrPill;
				PRODUCT_NAME = "$(TARGET_NAME)";
				SWIFT_VERSION = 4.2;
				TARGETED_DEVICE_FAMILY = "1,2";
			};
			name = Release;
		};
		D99D5AA120F8851800E3966F /* Debug */ = {
			isa = XCBuildConfiguration;
			buildSettings = {
				ALWAYS_EMBED_SWIFT_STANDARD_LIBRARIES = YES;
				BUNDLE_LOADER = "$(TEST_HOST)";
				CODE_SIGN_STYLE = Automatic;
				DEVELOPMENT_TEAM = SFWNSYN8YK;
				INFOPLIST_FILE = TakeUrPillTests/Info.plist;
				LD_RUNPATH_SEARCH_PATHS = (
					"$(inherited)",
					"@executable_path/Frameworks",
					"@loader_path/Frameworks",
				);
				PRODUCT_BUNDLE_IDENTIFIER = com.mobiquityinc.demo.TakeUrPilTests;
				PRODUCT_NAME = "$(TARGET_NAME)";
				SWIFT_VERSION = 4.2;
				TARGETED_DEVICE_FAMILY = "1,2";
				TEST_HOST = "$(BUILT_PRODUCTS_DIR)/TakeUrPill.app/TakeUrPill";
			};
			name = Debug;
		};
		D99D5AA220F8851800E3966F /* Release */ = {
			isa = XCBuildConfiguration;
			buildSettings = {
				ALWAYS_EMBED_SWIFT_STANDARD_LIBRARIES = YES;
				BUNDLE_LOADER = "$(TEST_HOST)";
				CODE_SIGN_STYLE = Automatic;
				DEVELOPMENT_TEAM = SFWNSYN8YK;
				INFOPLIST_FILE = TakeUrPillTests/Info.plist;
				LD_RUNPATH_SEARCH_PATHS = (
					"$(inherited)",
					"@executable_path/Frameworks",
					"@loader_path/Frameworks",
				);
				PRODUCT_BUNDLE_IDENTIFIER = com.mobiquityinc.demo.TakeUrPilTests;
				PRODUCT_NAME = "$(TARGET_NAME)";
				SWIFT_VERSION = 4.2;
				TARGETED_DEVICE_FAMILY = "1,2";
				TEST_HOST = "$(BUILT_PRODUCTS_DIR)/TakeUrPill.app/TakeUrPill";
			};
			name = Release;
		};
		D9E604B420FD166F003A1DA1 /* Debug */ = {
			isa = XCBuildConfiguration;
			buildSettings = {
				CODE_SIGN_ENTITLEMENTS = TakePillIntents/TakePillIntents.entitlements;
				CODE_SIGN_STYLE = Automatic;
				DEVELOPMENT_TEAM = SFWNSYN8YK;
				INFOPLIST_FILE = TakePillIntents/Info.plist;
				LD_RUNPATH_SEARCH_PATHS = (
					"$(inherited)",
					"@executable_path/Frameworks",
					"@executable_path/../../Frameworks",
				);
				PRODUCT_BUNDLE_IDENTIFIER = com.mobiquityinc.demo.TakeUrPill.TakePillIntents;
				PRODUCT_NAME = "$(TARGET_NAME)";
				SKIP_INSTALL = YES;
				SWIFT_VERSION = 4.2;
				TARGETED_DEVICE_FAMILY = "1,2";
			};
			name = Debug;
		};
		D9E604B520FD166F003A1DA1 /* Release */ = {
			isa = XCBuildConfiguration;
			buildSettings = {
				CODE_SIGN_ENTITLEMENTS = TakePillIntents/TakePillIntents.entitlements;
				CODE_SIGN_STYLE = Automatic;
				DEVELOPMENT_TEAM = SFWNSYN8YK;
				INFOPLIST_FILE = TakePillIntents/Info.plist;
				LD_RUNPATH_SEARCH_PATHS = (
					"$(inherited)",
					"@executable_path/Frameworks",
					"@executable_path/../../Frameworks",
				);
				PRODUCT_BUNDLE_IDENTIFIER = com.mobiquityinc.demo.TakeUrPill.TakePillIntents;
				PRODUCT_NAME = "$(TARGET_NAME)";
				SKIP_INSTALL = YES;
				SWIFT_VERSION = 4.2;
				TARGETED_DEVICE_FAMILY = "1,2";
			};
			name = Release;
		};
/* End XCBuildConfiguration section */

/* Begin XCConfigurationList section */
		D99D5A7B20F8851400E3966F /* Build configuration list for PBXProject "TakeUrPill" */ = {
			isa = XCConfigurationList;
			buildConfigurations = (
				D99D5A9B20F8851800E3966F /* Debug */,
				D99D5A9C20F8851800E3966F /* Release */,
			);
			defaultConfigurationIsVisible = 0;
			defaultConfigurationName = Release;
		};
		D99D5A9D20F8851800E3966F /* Build configuration list for PBXNativeTarget "TakeUrPill" */ = {
			isa = XCConfigurationList;
			buildConfigurations = (
				D99D5A9E20F8851800E3966F /* Debug */,
				D99D5A9F20F8851800E3966F /* Release */,
			);
			defaultConfigurationIsVisible = 0;
			defaultConfigurationName = Release;
		};
		D99D5AA020F8851800E3966F /* Build configuration list for PBXNativeTarget "TakeUrPillTests" */ = {
			isa = XCConfigurationList;
			buildConfigurations = (
				D99D5AA120F8851800E3966F /* Debug */,
				D99D5AA220F8851800E3966F /* Release */,
			);
			defaultConfigurationIsVisible = 0;
			defaultConfigurationName = Release;
		};
		D9E604B320FD166F003A1DA1 /* Build configuration list for PBXNativeTarget "TakePillIntents" */ = {
			isa = XCConfigurationList;
			buildConfigurations = (
				D9E604B420FD166F003A1DA1 /* Debug */,
				D9E604B520FD166F003A1DA1 /* Release */,
			);
			defaultConfigurationIsVisible = 0;
			defaultConfigurationName = Release;
		};
/* End XCConfigurationList section */
	};
	rootObject = D99D5A7820F8851400E3966F /* Project object */;
}
